{
  "name": "@abybylijedno/songbook-session-server",
  "version": "0.1.0",
  "lockfileVersion": 3,
  "requires": true,
  "packages": {
    "": {
      "name": "@abybylijedno/songbook-session-server",
      "version": "0.1.0",
      "license": "GPL-3.0",
      "dependencies": {
        "@abybylijedno/songbook-protocol": "github:abybylijedno/songbook-protocol#v2.3.1",
        "bebop": "^3.1.3",
        "luxon": "^3.5.0",
        "tslog": "^4.9.3",
        "ws": "^8.18.0"
      },
      "devDependencies": {
        "@types/long": "^5.0.0",
        "@types/luxon": "^3.4.2",
        "@types/node": "^22.10.2",
        "@types/ws": "^8.5.13",
        "rolldown": "^1.0.0-beta.1"
      }
    },
    "node_modules/@abybylijedno/songbook-protocol": {
      "version": "2.3.1",
      "resolved": "git+ssh://git@github.com/abybylijedno/songbook-protocol.git#13659322bfc055d0a7b34691cbb2397ce02a57ed",
      "license": "GPL-3.0"
    },
    "node_modules/@emnapi/core": {
      "version": "1.3.1",
      "resolved": "https://registry.npmjs.org/@emnapi/core/-/core-1.3.1.tgz",
      "integrity": "sha512-pVGjBIt1Y6gg3EJN8jTcfpP/+uuRksIo055oE/OBkDNcjZqVbfkWCksG1Jp4yZnj3iKWyWX8fdG/j6UDYPbFog==",
      "dev": true,
      "license": "MIT",
      "optional": true,
      "dependencies": {
        "@emnapi/wasi-threads": "1.0.1",
        "tslib": "^2.4.0"
      }
    },
    "node_modules/@emnapi/runtime": {
      "version": "1.3.1",
      "resolved": "https://registry.npmjs.org/@emnapi/runtime/-/runtime-1.3.1.tgz",
      "integrity": "sha512-kEBmG8KyqtxJZv+ygbEim+KCGtIq1fC22Ms3S4ziXmYKm8uyoLX0MHONVKwp+9opg390VaKRNt4a7A9NwmpNhw==",
      "dev": true,
      "license": "MIT",
      "optional": true,
      "dependencies": {
        "tslib": "^2.4.0"
      }
    },
    "node_modules/@emnapi/wasi-threads": {
      "version": "1.0.1",
      "resolved": "https://registry.npmjs.org/@emnapi/wasi-threads/-/wasi-threads-1.0.1.tgz",
      "integrity": "sha512-iIBu7mwkq4UQGeMEM8bLwNK962nXdhodeScX4slfQnRhEMMzvYivHhutCIk8uojvmASXXPC2WNEjwxFWk72Oqw==",
      "dev": true,
      "license": "MIT",
      "optional": true,
      "dependencies": {
        "tslib": "^2.4.0"
      }
    },
    "node_modules/@napi-rs/wasm-runtime": {
      "version": "0.2.6",
      "resolved": "https://registry.npmjs.org/@napi-rs/wasm-runtime/-/wasm-runtime-0.2.6.tgz",
      "integrity": "sha512-z8YVS3XszxFTO73iwvFDNpQIzdMmSDTP/mB3E/ucR37V3Sx57hSExcXyMoNwaucWxnsWf4xfbZv0iZ30jr0M4Q==",
      "dev": true,
      "license": "MIT",
      "optional": true,
      "dependencies": {
        "@emnapi/core": "^1.3.1",
        "@emnapi/runtime": "^1.3.1",
        "@tybys/wasm-util": "^0.9.0"
      }
    },
    "node_modules/@rolldown/binding-darwin-arm64": {
      "version": "1.0.0-beta.1",
      "resolved": "https://registry.npmjs.org/@rolldown/binding-darwin-arm64/-/binding-darwin-arm64-1.0.0-beta.1.tgz",
      "integrity": "sha512-e4QpTp7eu61JilK958i21RK/HniwVLjZgfShqoQY1VM+KDYz90cNuopKQ3Z3oCkvyAN3xI8IaRhy02nlxdR/DA==",
      "cpu": [
        "arm64"
      ],
      "dev": true,
      "license": "MIT",
      "optional": true,
      "os": [
        "darwin"
      ]
    },
    "node_modules/@rolldown/binding-darwin-x64": {
      "version": "1.0.0-beta.1",
      "resolved": "https://registry.npmjs.org/@rolldown/binding-darwin-x64/-/binding-darwin-x64-1.0.0-beta.1.tgz",
      "integrity": "sha512-+WHRLrogJl99EQ6HtYhy7EwIZ1wicD0RSX2T5mjfOM6AmPwPTXQ0n6MKOs1abU6ZyCj5Izlo6rLsao0h9FMUDA==",
      "cpu": [
        "x64"
      ],
      "dev": true,
      "license": "MIT",
      "optional": true,
      "os": [
        "darwin"
      ]
    },
    "node_modules/@rolldown/binding-freebsd-x64": {
      "version": "1.0.0-beta.1",
      "resolved": "https://registry.npmjs.org/@rolldown/binding-freebsd-x64/-/binding-freebsd-x64-1.0.0-beta.1.tgz",
      "integrity": "sha512-ZP9Q1q4IfvJ8dfWTHOF3cquNpAKuQQ+kZJQTxo85fGnKqtqMWFNouaBVd79pqCxU3w4oIjuZ8o55qNDomMTbVA==",
      "cpu": [
        "x64"
      ],
      "dev": true,
      "license": "MIT",
      "optional": true,
      "os": [
        "freebsd"
      ]
    },
    "node_modules/@rolldown/binding-linux-arm-gnueabihf": {
      "version": "1.0.0-beta.1",
      "resolved": "https://registry.npmjs.org/@rolldown/binding-linux-arm-gnueabihf/-/binding-linux-arm-gnueabihf-1.0.0-beta.1.tgz",
      "integrity": "sha512-B/R4Vt8f8z/WmW9Y9NMgA+t5bCfRLmgZohs5mWf8KoD5FRlpvJtCo/SnD7fEg9npHEP5A28+Cikiyd7aCcKPSA==",
      "cpu": [
        "arm"
      ],
      "dev": true,
      "license": "MIT",
      "optional": true,
      "os": [
        "linux"
      ]
    },
    "node_modules/@rolldown/binding-linux-arm64-gnu": {
      "version": "1.0.0-beta.1",
      "resolved": "https://registry.npmjs.org/@rolldown/binding-linux-arm64-gnu/-/binding-linux-arm64-gnu-1.0.0-beta.1.tgz",
      "integrity": "sha512-xkGD+YLH+vQZiqxKEsXe8xS/owQXkyARaNB9NfFrAacLoNIRZM5UEZGNKxXyRWd1kSEkYkJ3/WiqvGGCcqUg1A==",
      "cpu": [
        "arm64"
      ],
      "dev": true,
      "license": "MIT",
      "optional": true,
      "os": [
        "linux"
      ]
    },
    "node_modules/@rolldown/binding-linux-arm64-musl": {
      "version": "1.0.0-beta.1",
      "resolved": "https://registry.npmjs.org/@rolldown/binding-linux-arm64-musl/-/binding-linux-arm64-musl-1.0.0-beta.1.tgz",
      "integrity": "sha512-Ey2UxKFL74JuWpdNl9stpV0kxHZIgCWCEUnDnpQ1hcBwO9KwDM5qicLtXfsjozD6vt+xzbrL2D/uTrziYZ7IDQ==",
      "cpu": [
        "arm64"
      ],
      "dev": true,
      "license": "MIT",
      "optional": true,
      "os": [
        "linux"
      ]
    },
    "node_modules/@rolldown/binding-linux-x64-gnu": {
      "version": "1.0.0-beta.1",
      "resolved": "https://registry.npmjs.org/@rolldown/binding-linux-x64-gnu/-/binding-linux-x64-gnu-1.0.0-beta.1.tgz",
      "integrity": "sha512-a8QP35x/3mggWqCpFtaF3/PbWl5P9QKpP/muk3iMPgzrXto8zPsEl3imsP3EBh4KwanBVHIf8pEkBQ+/7iMTgQ==",
      "cpu": [
        "x64"
      ],
      "dev": true,
      "license": "MIT",
      "optional": true,
      "os": [
        "linux"
      ]
    },
    "node_modules/@rolldown/binding-linux-x64-musl": {
      "version": "1.0.0-beta.1",
      "resolved": "https://registry.npmjs.org/@rolldown/binding-linux-x64-musl/-/binding-linux-x64-musl-1.0.0-beta.1.tgz",
      "integrity": "sha512-uIqKwnkZjTY8FmqGMaSjwtWlCdV88LV9bjdkv+mb7I+BBw+9cJlIQy0P8YnGEOEcnDPis/SiraCpkJ/eHYaSZw==",
      "cpu": [
        "x64"
      ],
      "dev": true,
      "license": "MIT",
      "optional": true,
      "os": [
        "linux"
      ]
    },
    "node_modules/@rolldown/binding-wasm32-wasi": {
      "version": "1.0.0-beta.1",
      "resolved": "https://registry.npmjs.org/@rolldown/binding-wasm32-wasi/-/binding-wasm32-wasi-1.0.0-beta.1.tgz",
      "integrity": "sha512-RB+gbhwZtTbKbvHzUcaRFva2ONCUTuxDEb/b3/rd3O82OTPUZzOY24mqreiXH1XG09p6WFXSE8dzUrN120Q29w==",
      "cpu": [
        "wasm32"
      ],
      "dev": true,
      "license": "MIT",
      "optional": true,
      "dependencies": {
        "@napi-rs/wasm-runtime": "^0.2.4"
      },
      "engines": {
        "node": ">=14.21.3"
      }
    },
    "node_modules/@rolldown/binding-win32-arm64-msvc": {
      "version": "1.0.0-beta.1",
      "resolved": "https://registry.npmjs.org/@rolldown/binding-win32-arm64-msvc/-/binding-win32-arm64-msvc-1.0.0-beta.1.tgz",
      "integrity": "sha512-NSccQD7+9vhEfDMc8HyODuUU1jLYEsEiICc1zwmbeg0FXx1pwpFpZZQby4bAMnK2obav7D9FfsruYWodhNdIqQ==",
      "cpu": [
        "arm64"
      ],
      "dev": true,
      "license": "MIT",
      "optional": true,
      "os": [
        "win32"
      ]
    },
    "node_modules/@rolldown/binding-win32-ia32-msvc": {
      "version": "1.0.0-beta.1",
      "resolved": "https://registry.npmjs.org/@rolldown/binding-win32-ia32-msvc/-/binding-win32-ia32-msvc-1.0.0-beta.1.tgz",
      "integrity": "sha512-bUQOqqHfqgX9gHGZFGVYQRtc4+9diFDS/f85dKrzzUg7MF91ZU9mJUoemL4eyyj3B83N3FlHZtAPvDX3N2Zz8A==",
      "cpu": [
        "ia32"
      ],
      "dev": true,
      "license": "MIT",
      "optional": true,
      "os": [
        "win32"
      ]
    },
    "node_modules/@rolldown/binding-win32-x64-msvc": {
      "version": "1.0.0-beta.1",
      "resolved": "https://registry.npmjs.org/@rolldown/binding-win32-x64-msvc/-/binding-win32-x64-msvc-1.0.0-beta.1.tgz",
      "integrity": "sha512-k8Ld05OlxkzR/+Ob8+IESaZ4uFcgLwbbwtUZLoryn3S6lCogkclcN/4m1wo/PyWtUAWF5mdz83SrkRL8dS4AqA==",
      "cpu": [
        "x64"
      ],
      "dev": true,
      "license": "MIT",
      "optional": true,
      "os": [
        "win32"
      ]
    },
    "node_modules/@tybys/wasm-util": {
      "version": "0.9.0",
      "resolved": "https://registry.npmjs.org/@tybys/wasm-util/-/wasm-util-0.9.0.tgz",
      "integrity": "sha512-6+7nlbMVX/PVDCwaIQ8nTOPveOcFLSt8GcXdx8hD0bt39uWxYT88uXzqTd4fTvqta7oeUJqudepapKNt2DYJFw==",
      "dev": true,
      "license": "MIT",
      "optional": true,
      "dependencies": {
        "tslib": "^2.4.0"
      }
    },
    "node_modules/@types/long": {
      "version": "5.0.0",
      "resolved": "https://registry.npmjs.org/@types/long/-/long-5.0.0.tgz",
      "integrity": "sha512-eQs9RsucA/LNjnMoJvWG/nXa7Pot/RbBzilF/QRIU/xRl+0ApxrSUFsV5lmf01SvSlqMzJ7Zwxe440wmz2SJGA==",
      "deprecated": "This is a stub types definition. long provides its own type definitions, so you do not need this installed.",
      "dev": true,
      "dependencies": {
        "long": "*"
      }
    },
    "node_modules/@types/luxon": {
      "version": "3.4.2",
      "resolved": "https://registry.npmjs.org/@types/luxon/-/luxon-3.4.2.tgz",
      "integrity": "sha512-TifLZlFudklWlMBfhubvgqTXRzLDI5pCbGa4P8a3wPyUQSW+1xQ5eDsreP9DWHX3tjq1ke96uYG/nwundroWcA==",
      "dev": true
    },
    "node_modules/@types/node": {
      "version": "22.10.2",
      "resolved": "https://registry.npmjs.org/@types/node/-/node-22.10.2.tgz",
      "integrity": "sha512-Xxr6BBRCAOQixvonOye19wnzyDiUtTeqldOOmj3CkeblonbccA12PFwlufvRdrpjXxqnmUaeiU5EOA+7s5diUQ==",
      "dev": true,
      "dependencies": {
        "undici-types": "~6.20.0"
      }
    },
    "node_modules/@types/ws": {
      "version": "8.5.13",
      "resolved": "https://registry.npmjs.org/@types/ws/-/ws-8.5.13.tgz",
      "integrity": "sha512-osM/gWBTPKgHV8XkTunnegTRIsvF6owmf5w+JtAfOw472dptdm0dlGv4xCt6GwQRcC2XVOvvRE/0bAoQcL2QkA==",
      "dev": true,
      "license": "MIT",
      "dependencies": {
        "@types/node": "*"
      }
    },
    "node_modules/bebop": {
      "version": "3.1.3",
      "resolved": "https://registry.npmjs.org/bebop/-/bebop-3.1.3.tgz",
      "integrity": "sha512-LkrEaxHnVbcpttF+tCMTv1nTqqsV88I31zsx/riWA6+r/nF6kmnvPjw00D4wxNfHvvASz+A8JmijeNGEuhzgQA=="
    },
    "node_modules/long": {
      "version": "5.2.3",
      "resolved": "https://registry.npmjs.org/long/-/long-5.2.3.tgz",
      "integrity": "sha512-lcHwpNoggQTObv5apGNCTdJrO69eHOZMi4BNC+rTLER8iHAqGrUVeLh/irVIM7zTw2bOXA8T6uNPeujwOLg/2Q==",
      "dev": true
    },
    "node_modules/luxon": {
      "version": "3.5.0",
      "resolved": "https://registry.npmjs.org/luxon/-/luxon-3.5.0.tgz",
      "integrity": "sha512-rh+Zjr6DNfUYR3bPwJEnuwDdqMbxZW7LOQfUN4B54+Cl+0o5zaU9RJ6bcidfDtC1cWCZXQ+nvX8bf6bAji37QQ==",
      "engines": {
        "node": ">=12"
      }
    },
    "node_modules/rolldown": {
      "version": "1.0.0-beta.1",
      "resolved": "https://registry.npmjs.org/rolldown/-/rolldown-1.0.0-beta.1.tgz",
      "integrity": "sha512-19B2HoY3zcR7Um+zVDOvV1gQ1d6acUIouCUMGxvlZ/0kTjcMSFr8tuLWmRRYIV7y1mrgPbJRd1cPFVd4p1l8nQ==",
      "dev": true,
      "license": "MIT",
      "dependencies": {
        "zod": "^3.23.8"
      },
      "bin": {
        "rolldown": "bin/cli.js"
      },
      "optionalDependencies": {
        "@rolldown/binding-darwin-arm64": "1.0.0-beta.1",
        "@rolldown/binding-darwin-x64": "1.0.0-beta.1",
        "@rolldown/binding-freebsd-x64": "1.0.0-beta.1",
        "@rolldown/binding-linux-arm-gnueabihf": "1.0.0-beta.1",
        "@rolldown/binding-linux-arm64-gnu": "1.0.0-beta.1",
        "@rolldown/binding-linux-arm64-musl": "1.0.0-beta.1",
        "@rolldown/binding-linux-x64-gnu": "1.0.0-beta.1",
        "@rolldown/binding-linux-x64-musl": "1.0.0-beta.1",
        "@rolldown/binding-wasm32-wasi": "1.0.0-beta.1",
        "@rolldown/binding-win32-arm64-msvc": "1.0.0-beta.1",
        "@rolldown/binding-win32-ia32-msvc": "1.0.0-beta.1",
        "@rolldown/binding-win32-x64-msvc": "1.0.0-beta.1"
      },
      "peerDependencies": {
        "@babel/runtime": ">=7"
      },
      "peerDependenciesMeta": {
        "@babel/runtime": {
          "optional": true
        }
      }
    },
    "node_modules/tslib": {
      "version": "2.8.1",
      "resolved": "https://registry.npmjs.org/tslib/-/tslib-2.8.1.tgz",
      "integrity": "sha512-oJFu94HQb+KVduSUQL7wnpmqnfmLsOA/nAh6b6EH0wCEoK0/mPeXU6c3wKDV83MkOuHPRHtSXKKU99IBazS/2w==",
      "dev": true,
      "license": "0BSD",
      "optional": true
    },
    "node_modules/tslog": {
      "version": "4.9.3",
      "resolved": "https://registry.npmjs.org/tslog/-/tslog-4.9.3.tgz",
      "integrity": "sha512-oDWuGVONxhVEBtschLf2cs/Jy8i7h1T+CpdkTNWQgdAF7DhRo2G8vMCgILKe7ojdEkLhICWgI1LYSSKaJsRgcw==",
      "engines": {
        "node": ">=16"
      },
      "funding": {
        "url": "https://github.com/fullstack-build/tslog?sponsor=1"
      }
    },
    "node_modules/undici-types": {
      "version": "6.20.0",
      "resolved": "https://registry.npmjs.org/undici-types/-/undici-types-6.20.0.tgz",
      "integrity": "sha512-Ny6QZ2Nju20vw1SRHe3d9jVu6gJ+4e3+MMpqu7pqE5HT6WsTSlce++GQmK5UXS8mzV8DSYHrQH+Xrf2jVcuKNg==",
      "dev": true
    },
    "node_modules/ws": {
      "version": "8.18.0",
      "resolved": "https://registry.npmjs.org/ws/-/ws-8.18.0.tgz",
      "integrity": "sha512-8VbfWfHLbbwu3+N6OKsOMpBdT4kXPDDB9cJk2bJ6mh9ucxdlnNvH1e+roYkKmN9Nxw2yjz7VzeO9oOz2zJ04Pw==",
      "license": "MIT",
      "engines": {
        "node": ">=10.0.0"
      },
      "peerDependencies": {
        "bufferutil": "^4.0.1",
        "utf-8-validate": ">=5.0.2"
      },
      "peerDependenciesMeta": {
        "bufferutil": {
          "optional": true
        },
        "utf-8-validate": {
          "optional": true
        }
      }
    },
    "node_modules/zod": {
      "version": "3.24.1",
      "resolved": "https://registry.npmjs.org/zod/-/zod-3.24.1.tgz",
      "integrity": "sha512-muH7gBL9sI1nciMZV67X5fTKKBLtwpZ5VBp1vsOQzj1MhrBZ4wlVCm3gedKZWLp0Oyel8sIGfeiz54Su+OVT+A==",
      "dev": true,
      "license": "MIT",
      "funding": {
        "url": "https://github.com/sponsors/colinhacks"
      }
    }
  }
}
